// !$*UTF8*$!
{
	archiveVersion = 1;
	classes = {
	};
	objectVersion = 46;
	objects = {

/* Begin PBXBuildFile section */
		521EA9F61CEAE52300BD8F31 /* main.m in Sources */ = {isa = PBXBuildFile; fileRef = 521EA9F51CEAE52300BD8F31 /* main.m */; };
		521EA9F91CEAE52300BD8F31 /* AppDelegate.m in Sources */ = {isa = PBXBuildFile; fileRef = 521EA9F81CEAE52300BD8F31 /* AppDelegate.m */; };
		521EA9FC1CEAE52300BD8F31 /* ViewController.m in Sources */ = {isa = PBXBuildFile; fileRef = 521EA9FB1CEAE52300BD8F31 /* ViewController.m */; };
		521EA9FF1CEAE52300BD8F31 /* Main.storyboard in Resources */ = {isa = PBXBuildFile; fileRef = 521EA9FD1CEAE52300BD8F31 /* Main.storyboard */; };
		521EAA011CEAE52300BD8F31 /* Assets.xcassets in Resources */ = {isa = PBXBuildFile; fileRef = 521EAA001CEAE52300BD8F31 /* Assets.xcassets */; };
		521EAA041CEAE52300BD8F31 /* LaunchScreen.storyboard in Resources */ = {isa = PBXBuildFile; fileRef = 521EAA021CEAE52300BD8F31 /* LaunchScreen.storyboard */; };
		521EAA0F1CEAE52300BD8F31 /* XXKitDemoTests.m in Sources */ = {isa = PBXBuildFile; fileRef = 521EAA0E1CEAE52300BD8F31 /* XXKitDemoTests.m */; };
		521EAA1A1CEAE52300BD8F31 /* XXKitDemoUITests.m in Sources */ = {isa = PBXBuildFile; fileRef = 521EAA191CEAE52300BD8F31 /* XXKitDemoUITests.m */; };
		521EAA901CEB0D2B00BD8F31 /* NSDate+XXExtension.m in Sources */ = {isa = PBXBuildFile; fileRef = 521EAA811CEB0D2B00BD8F31 /* NSDate+XXExtension.m */; };
		521EAA911CEB0D2B00BD8F31 /* NSString+XXExtension.m in Sources */ = {isa = PBXBuildFile; fileRef = 521EAA831CEB0D2B00BD8F31 /* NSString+XXExtension.m */; };
		521EAA921CEB0D2B00BD8F31 /* UIBarButtonItem+XXExtension.m in Sources */ = {isa = PBXBuildFile; fileRef = 521EAA851CEB0D2B00BD8F31 /* UIBarButtonItem+XXExtension.m */; };
		521EAA931CEB0D2B00BD8F31 /* UIButton+XXExtension.m in Sources */ = {isa = PBXBuildFile; fileRef = 521EAA871CEB0D2B00BD8F31 /* UIButton+XXExtension.m */; };
		521EAA941CEB0D2B00BD8F31 /* UIColor+XXExtension.m in Sources */ = {isa = PBXBuildFile; fileRef = 521EAA891CEB0D2B00BD8F31 /* UIColor+XXExtension.m */; };
		521EAA951CEB0D2B00BD8F31 /* UIFont+XXExtension.m in Sources */ = {isa = PBXBuildFile; fileRef = 521EAA8B1CEB0D2B00BD8F31 /* UIFont+XXExtension.m */; };
		521EAA961CEB0D2B00BD8F31 /* UILabel+XXExtension.m in Sources */ = {isa = PBXBuildFile; fileRef = 521EAA8D1CEB0D2B00BD8F31 /* UILabel+XXExtension.m */; };
		521EAA971CEB0D2B00BD8F31 /* UIView+XXExtension.m in Sources */ = {isa = PBXBuildFile; fileRef = 521EAA8F1CEB0D2B00BD8F31 /* UIView+XXExtension.m */; };
/* End PBXBuildFile section */

/* Begin PBXContainerItemProxy section */
		521EAA0B1CEAE52300BD8F31 /* PBXContainerItemProxy */ = {
			isa = PBXContainerItemProxy;
			containerPortal = 521EA9E91CEAE52300BD8F31 /* Project object */;
			proxyType = 1;
			remoteGlobalIDString = 521EA9F01CEAE52300BD8F31;
			remoteInfo = XXKitDemo;
		};
		521EAA161CEAE52300BD8F31 /* PBXContainerItemProxy */ = {
			isa = PBXContainerItemProxy;
			containerPortal = 521EA9E91CEAE52300BD8F31 /* Project object */;
			proxyType = 1;
			remoteGlobalIDString = 521EA9F01CEAE52300BD8F31;
			remoteInfo = XXKitDemo;
		};
/* End PBXContainerItemProxy section */

/* Begin PBXFileReference section */
		521EA9F11CEAE52300BD8F31 /* XXKitDemo.app */ = {isa = PBXFileReference; explicitFileType = wrapper.application; includeInIndex = 0; path = XXKitDemo.app; sourceTree = BUILT_PRODUCTS_DIR; };
		521EA9F51CEAE52300BD8F31 /* main.m */ = {isa = PBXFileReference; lastKnownFileType = sourcecode.c.objc; path = main.m; sourceTree = "<group>"; };
		521EA9F71CEAE52300BD8F31 /* AppDelegate.h */ = {isa = PBXFileReference; lastKnownFileType = sourcecode.c.h; path = AppDelegate.h; sourceTree = "<group>"; };
		521EA9F81CEAE52300BD8F31 /* AppDelegate.m */ = {isa = PBXFileReference; lastKnownFileType = sourcecode.c.objc; path = AppDelegate.m; sourceTree = "<group>"; };
		521EA9FA1CEAE52300BD8F31 /* ViewController.h */ = {isa = PBXFileReference; lastKnownFileType = sourcecode.c.h; path = ViewController.h; sourceTree = "<group>"; };
		521EA9FB1CEAE52300BD8F31 /* ViewController.m */ = {isa = PBXFileReference; lastKnownFileType = sourcecode.c.objc; path = ViewController.m; sourceTree = "<group>"; };
		521EA9FE1CEAE52300BD8F31 /* Base */ = {isa = PBXFileReference; lastKnownFileType = file.storyboard; name = Base; path = Base.lproj/Main.storyboard; sourceTree = "<group>"; };
		521EAA001CEAE52300BD8F31 /* Assets.xcassets */ = {isa = PBXFileReference; lastKnownFileType = folder.assetcatalog; path = Assets.xcassets; sourceTree = "<group>"; };
		521EAA031CEAE52300BD8F31 /* Base */ = {isa = PBXFileReference; lastKnownFileType = file.storyboard; name = Base; path = Base.lproj/LaunchScreen.storyboard; sourceTree = "<group>"; };
		521EAA051CEAE52300BD8F31 /* Info.plist */ = {isa = PBXFileReference; lastKnownFileType = text.plist.xml; path = Info.plist; sourceTree = "<group>"; };
		521EAA0A1CEAE52300BD8F31 /* XXKitDemoTests.xctest */ = {isa = PBXFileReference; explicitFileType = wrapper.cfbundle; includeInIndex = 0; path = XXKitDemoTests.xctest; sourceTree = BUILT_PRODUCTS_DIR; };
		521EAA0E1CEAE52300BD8F31 /* XXKitDemoTests.m */ = {isa = PBXFileReference; lastKnownFileType = sourcecode.c.objc; path = XXKitDemoTests.m; sourceTree = "<group>"; };
		521EAA101CEAE52300BD8F31 /* Info.plist */ = {isa = PBXFileReference; lastKnownFileType = text.plist.xml; path = Info.plist; sourceTree = "<group>"; };
		521EAA151CEAE52300BD8F31 /* XXKitDemoUITests.xctest */ = {isa = PBXFileReference; explicitFileType = wrapper.cfbundle; includeInIndex = 0; path = XXKitDemoUITests.xctest; sourceTree = BUILT_PRODUCTS_DIR; };
		521EAA191CEAE52300BD8F31 /* XXKitDemoUITests.m */ = {isa = PBXFileReference; lastKnownFileType = sourcecode.c.objc; path = XXKitDemoUITests.m; sourceTree = "<group>"; };
		521EAA1B1CEAE52300BD8F31 /* Info.plist */ = {isa = PBXFileReference; lastKnownFileType = text.plist.xml; path = Info.plist; sourceTree = "<group>"; };
		521EAA801CEB0D2B00BD8F31 /* NSDate+XXExtension.h */ = {isa = PBXFileReference; fileEncoding = 4; lastKnownFileType = sourcecode.c.h; path = "NSDate+XXExtension.h"; sourceTree = "<group>"; };
		521EAA811CEB0D2B00BD8F31 /* NSDate+XXExtension.m */ = {isa = PBXFileReference; fileEncoding = 4; lastKnownFileType = sourcecode.c.objc; path = "NSDate+XXExtension.m"; sourceTree = "<group>"; };
		521EAA821CEB0D2B00BD8F31 /* NSString+XXExtension.h */ = {isa = PBXFileReference; fileEncoding = 4; lastKnownFileType = sourcecode.c.h; path = "NSString+XXExtension.h"; sourceTree = "<group>"; };
		521EAA831CEB0D2B00BD8F31 /* NSString+XXExtension.m */ = {isa = PBXFileReference; fileEncoding = 4; lastKnownFileType = sourcecode.c.objc; path = "NSString+XXExtension.m"; sourceTree = "<group>"; };
		521EAA841CEB0D2B00BD8F31 /* UIBarButtonItem+XXExtension.h */ = {isa = PBXFileReference; fileEncoding = 4; lastKnownFileType = sourcecode.c.h; path = "UIBarButtonItem+XXExtension.h"; sourceTree = "<group>"; };
		521EAA851CEB0D2B00BD8F31 /* UIBarButtonItem+XXExtension.m */ = {isa = PBXFileReference; fileEncoding = 4; lastKnownFileType = sourcecode.c.objc; path = "UIBarButtonItem+XXExtension.m"; sourceTree = "<group>"; };
		521EAA861CEB0D2B00BD8F31 /* UIButton+XXExtension.h */ = {isa = PBXFileReference; fileEncoding = 4; lastKnownFileType = sourcecode.c.h; path = "UIButton+XXExtension.h"; sourceTree = "<group>"; };
		521EAA871CEB0D2B00BD8F31 /* UIButton+XXExtension.m */ = {isa = PBXFileReference; fileEncoding = 4; lastKnownFileType = sourcecode.c.objc; path = "UIButton+XXExtension.m"; sourceTree = "<group>"; };
		521EAA881CEB0D2B00BD8F31 /* UIColor+XXExtension.h */ = {isa = PBXFileReference; fileEncoding = 4; lastKnownFileType = sourcecode.c.h; path = "UIColor+XXExtension.h"; sourceTree = "<group>"; };
		521EAA891CEB0D2B00BD8F31 /* UIColor+XXExtension.m */ = {isa = PBXFileReference; fileEncoding = 4; lastKnownFileType = sourcecode.c.objc; path = "UIColor+XXExtension.m"; sourceTree = "<group>"; };
		521EAA8A1CEB0D2B00BD8F31 /* UIFont+XXExtension.h */ = {isa = PBXFileReference; fileEncoding = 4; lastKnownFileType = sourcecode.c.h; path = "UIFont+XXExtension.h"; sourceTree = "<group>"; };
		521EAA8B1CEB0D2B00BD8F31 /* UIFont+XXExtension.m */ = {isa = PBXFileReference; fileEncoding = 4; lastKnownFileType = sourcecode.c.objc; path = "UIFont+XXExtension.m"; sourceTree = "<group>"; };
		521EAA8C1CEB0D2B00BD8F31 /* UILabel+XXExtension.h */ = {isa = PBXFileReference; fileEncoding = 4; lastKnownFileType = sourcecode.c.h; path = "UILabel+XXExtension.h"; sourceTree = "<group>"; };
		521EAA8D1CEB0D2B00BD8F31 /* UILabel+XXExtension.m */ = {isa = PBXFileReference; fileEncoding = 4; lastKnownFileType = sourcecode.c.objc; path = "UILabel+XXExtension.m"; sourceTree = "<group>"; };
		521EAA8E1CEB0D2B00BD8F31 /* UIView+XXExtension.h */ = {isa = PBXFileReference; fileEncoding = 4; lastKnownFileType = sourcecode.c.h; path = "UIView+XXExtension.h"; sourceTree = "<group>"; };
		521EAA8F1CEB0D2B00BD8F31 /* UIView+XXExtension.m */ = {isa = PBXFileReference; fileEncoding = 4; lastKnownFileType = sourcecode.c.objc; path = "UIView+XXExtension.m"; sourceTree = "<group>"; };
/* End PBXFileReference section */

/* Begin PBXFrameworksBuildPhase section */
		521EA9EE1CEAE52300BD8F31 /* Frameworks */ = {
			isa = PBXFrameworksBuildPhase;
			buildActionMask = 2147483647;
			files = (
			);
			runOnlyForDeploymentPostprocessing = 0;
		};
		521EAA071CEAE52300BD8F31 /* Frameworks */ = {
			isa = PBXFrameworksBuildPhase;
			buildActionMask = 2147483647;
			files = (
			);
			runOnlyForDeploymentPostprocessing = 0;
		};
		521EAA121CEAE52300BD8F31 /* Frameworks */ = {
			isa = PBXFrameworksBuildPhase;
			buildActionMask = 2147483647;
			files = (
			);
			runOnlyForDeploymentPostprocessing = 0;
		};
/* End PBXFrameworksBuildPhase section */

/* Begin PBXGroup section */
		521EA9E81CEAE52300BD8F31 = {
			isa = PBXGroup;
			children = (
				521EA9F31CEAE52300BD8F31 /* XXKitDemo */,
				521EAA0D1CEAE52300BD8F31 /* XXKitDemoTests */,
				521EAA181CEAE52300BD8F31 /* XXKitDemoUITests */,
				521EA9F21CEAE52300BD8F31 /* Products */,
			);
			sourceTree = "<group>";
		};
		521EA9F21CEAE52300BD8F31 /* Products */ = {
			isa = PBXGroup;
			children = (
				521EA9F11CEAE52300BD8F31 /* XXKitDemo.app */,
				521EAA0A1CEAE52300BD8F31 /* XXKitDemoTests.xctest */,
				521EAA151CEAE52300BD8F31 /* XXKitDemoUITests.xctest */,
			);
			name = Products;
			sourceTree = "<group>";
		};
		521EA9F31CEAE52300BD8F31 /* XXKitDemo */ = {
			isa = PBXGroup;
			children = (
				521EAA2A1CEAE70100BD8F31 /* XXKit */,
				521EA9F71CEAE52300BD8F31 /* AppDelegate.h */,
				521EA9F81CEAE52300BD8F31 /* AppDelegate.m */,
				521EA9FA1CEAE52300BD8F31 /* ViewController.h */,
				521EA9FB1CEAE52300BD8F31 /* ViewController.m */,
				521EA9FD1CEAE52300BD8F31 /* Main.storyboard */,
				521EAA001CEAE52300BD8F31 /* Assets.xcassets */,
				521EAA021CEAE52300BD8F31 /* LaunchScreen.storyboard */,
				521EAA051CEAE52300BD8F31 /* Info.plist */,
				521EA9F41CEAE52300BD8F31 /* Supporting Files */,
			);
			path = XXKitDemo;
			sourceTree = "<group>";
		};
		521EA9F41CEAE52300BD8F31 /* Supporting Files */ = {
			isa = PBXGroup;
			children = (
				521EA9F51CEAE52300BD8F31 /* main.m */,
			);
			name = "Supporting Files";
			sourceTree = "<group>";
		};
		521EAA0D1CEAE52300BD8F31 /* XXKitDemoTests */ = {
			isa = PBXGroup;
			children = (
				521EAA0E1CEAE52300BD8F31 /* XXKitDemoTests.m */,
				521EAA101CEAE52300BD8F31 /* Info.plist */,
			);
			path = XXKitDemoTests;
			sourceTree = "<group>";
		};
		521EAA181CEAE52300BD8F31 /* XXKitDemoUITests */ = {
			isa = PBXGroup;
			children = (
				521EAA191CEAE52300BD8F31 /* XXKitDemoUITests.m */,
				521EAA1B1CEAE52300BD8F31 /* Info.plist */,
			);
			path = XXKitDemoUITests;
			sourceTree = "<group>";
		};
		521EAA2A1CEAE70100BD8F31 /* XXKit */ = {
			isa = PBXGroup;
			children = (
				521EAA801CEB0D2B00BD8F31 /* NSDate+XXExtension.h */,
				521EAA811CEB0D2B00BD8F31 /* NSDate+XXExtension.m */,
				521EAA821CEB0D2B00BD8F31 /* NSString+XXExtension.h */,
				521EAA831CEB0D2B00BD8F31 /* NSString+XXExtension.m */,
				521EAA841CEB0D2B00BD8F31 /* UIBarButtonItem+XXExtension.h */,
				521EAA851CEB0D2B00BD8F31 /* UIBarButtonItem+XXExtension.m */,
				521EAA861CEB0D2B00BD8F31 /* UIButton+XXExtension.h */,
				521EAA871CEB0D2B00BD8F31 /* UIButton+XXExtension.m */,
				521EAA881CEB0D2B00BD8F31 /* UIColor+XXExtension.h */,
				521EAA891CEB0D2B00BD8F31 /* UIColor+XXExtension.m */,
				521EAA8A1CEB0D2B00BD8F31 /* UIFont+XXExtension.h */,
				521EAA8B1CEB0D2B00BD8F31 /* UIFont+XXExtension.m */,
				521EAA8C1CEB0D2B00BD8F31 /* UILabel+XXExtension.h */,
				521EAA8D1CEB0D2B00BD8F31 /* UILabel+XXExtension.m */,
				521EAA8E1CEB0D2B00BD8F31 /* UIView+XXExtension.h */,
				521EAA8F1CEB0D2B00BD8F31 /* UIView+XXExtension.m */,
			);
			path = XXKit;
			sourceTree = SOURCE_ROOT;
		};
/* End PBXGroup section */

/* Begin PBXNativeTarget section */
		521EA9F01CEAE52300BD8F31 /* XXKitDemo */ = {
			isa = PBXNativeTarget;
			buildConfigurationList = 521EAA1E1CEAE52300BD8F31 /* Build configuration list for PBXNativeTarget "XXKitDemo" */;
			buildPhases = (
				521EA9ED1CEAE52300BD8F31 /* Sources */,
				521EA9EE1CEAE52300BD8F31 /* Frameworks */,
				521EA9EF1CEAE52300BD8F31 /* Resources */,
			);
			buildRules = (
			);
			dependencies = (
			);
			name = XXKitDemo;
			productName = XXKitDemo;
			productReference = 521EA9F11CEAE52300BD8F31 /* XXKitDemo.app */;
			productType = "com.apple.product-type.application";
		};
		521EAA091CEAE52300BD8F31 /* XXKitDemoTests */ = {
			isa = PBXNativeTarget;
			buildConfigurationList = 521EAA211CEAE52300BD8F31 /* Build configuration list for PBXNativeTarget "XXKitDemoTests" */;
			buildPhases = (
				521EAA061CEAE52300BD8F31 /* Sources */,
				521EAA071CEAE52300BD8F31 /* Frameworks */,
				521EAA081CEAE52300BD8F31 /* Resources */,
			);
			buildRules = (
			);
			dependencies = (
				521EAA0C1CEAE52300BD8F31 /* PBXTargetDependency */,
			);
			name = XXKitDemoTests;
			productName = XXKitDemoTests;
			productReference = 521EAA0A1CEAE52300BD8F31 /* XXKitDemoTests.xctest */;
			productType = "com.apple.product-type.bundle.unit-test";
		};
		521EAA141CEAE52300BD8F31 /* XXKitDemoUITests */ = {
			isa = PBXNativeTarget;
			buildConfigurationList = 521EAA241CEAE52300BD8F31 /* Build configuration list for PBXNativeTarget "XXKitDemoUITests" */;
			buildPhases = (
				521EAA111CEAE52300BD8F31 /* Sources */,
				521EAA121CEAE52300BD8F31 /* Frameworks */,
				521EAA131CEAE52300BD8F31 /* Resources */,
			);
			buildRules = (
			);
			dependencies = (
				521EAA171CEAE52300BD8F31 /* PBXTargetDependency */,
			);
			name = XXKitDemoUITests;
			productName = XXKitDemoUITests;
			productReference = 521EAA151CEAE52300BD8F31 /* XXKitDemoUITests.xctest */;
			productType = "com.apple.product-type.bundle.ui-testing";
		};
/* End PBXNativeTarget section */

/* Begin PBXProject section */
		521EA9E91CEAE52300BD8F31 /* Project object */ = {
			isa = PBXProject;
			attributes = {
				LastUpgradeCheck = 0730;
				ORGANIZATIONNAME = pitt;
				TargetAttributes = {
					521EA9F01CEAE52300BD8F31 = {
						CreatedOnToolsVersion = 7.3;
					};
					521EAA091CEAE52300BD8F31 = {
						CreatedOnToolsVersion = 7.3;
						TestTargetID = 521EA9F01CEAE52300BD8F31;
					};
					521EAA141CEAE52300BD8F31 = {
						CreatedOnToolsVersion = 7.3;
						TestTargetID = 521EA9F01CEAE52300BD8F31;
					};
				};
			};
			buildConfigurationList = 521EA9EC1CEAE52300BD8F31 /* Build configuration list for PBXProject "XXKitDemo" */;
			compatibilityVersion = "Xcode 3.2";
			developmentRegion = English;
			hasScannedForEncodings = 0;
			knownRegions = (
				en,
				Base,
			);
			mainGroup = 521EA9E81CEAE52300BD8F31;
			productRefGroup = 521EA9F21CEAE52300BD8F31 /* Products */;
			projectDirPath = "";
			projectRoot = "";
			targets = (
				521EA9F01CEAE52300BD8F31 /* XXKitDemo */,
				521EAA091CEAE52300BD8F31 /* XXKitDemoTests */,
				521EAA141CEAE52300BD8F31 /* XXKitDemoUITests */,
			);
		};
/* End PBXProject section */

/* Begin PBXResourcesBuildPhase section */
		521EA9EF1CEAE52300BD8F31 /* Resources */ = {
			isa = PBXResourcesBuildPhase;
			buildActionMask = 2147483647;
			files = (
				521EAA041CEAE52300BD8F31 /* LaunchScreen.storyboard in Resources */,
				521EAA011CEAE52300BD8F31 /* Assets.xcassets in Resources */,
				521EA9FF1CEAE52300BD8F31 /* Main.storyboard in Resources */,
			);
			runOnlyForDeploymentPostprocessing = 0;
		};
		521EAA081CEAE52300BD8F31 /* Resources */ = {
			isa = PBXResourcesBuildPhase;
			buildActionMask = 2147483647;
			files = (
			);
			runOnlyForDeploymentPostprocessing = 0;
		};
		521EAA131CEAE52300BD8F31 /* Resources */ = {
			isa = PBXResourcesBuildPhase;
			buildActionMask = 2147483647;
			files = (
			);
			runOnlyForDeploymentPostprocessing = 0;
		};
/* End PBXResourcesBuildPhase section */

/* Begin PBXSourcesBuildPhase section */
		521EA9ED1CEAE52300BD8F31 /* Sources */ = {
			isa = PBXSourcesBuildPhase;
			buildActionMask = 2147483647;
			files = (
				521EAA971CEB0D2B00BD8F31 /* UIView+XXExtension.m in Sources */,
				521EAA911CEB0D2B00BD8F31 /* NSString+XXExtension.m in Sources */,
				521EAA931CEB0D2B00BD8F31 /* UIButton+XXExtension.m in Sources */,
				521EA9FC1CEAE52300BD8F31 /* ViewController.m in Sources */,
				521EAA921CEB0D2B00BD8F31 /* UIBarButtonItem+XXExtension.m in Sources */,
				521EA9F91CEAE52300BD8F31 /* AppDelegate.m in Sources */,
				521EAA951CEB0D2B00BD8F31 /* UIFont+XXExtension.m in Sources */,
				521EAA961CEB0D2B00BD8F31 /* UILabel+XXExtension.m in Sources */,
				521EAA941CEB0D2B00BD8F31 /* UIColor+XXExtension.m in Sources */,
				521EAA901CEB0D2B00BD8F31 /* NSDate+XXExtension.m in Sources */,
				521EA9F61CEAE52300BD8F31 /* main.m in Sources */,
			);
			runOnlyForDeploymentPostprocessing = 0;
		};
		521EAA061CEAE52300BD8F31 /* Sources */ = {
			isa = PBXSourcesBuildPhase;
			buildActionMask = 2147483647;
			files = (
				521EAA0F1CEAE52300BD8F31 /* XXKitDemoTests.m in Sources */,
			);
			runOnlyForDeploymentPostprocessing = 0;
		};
		521EAA111CEAE52300BD8F31 /* Sources */ = {
			isa = PBXSourcesBuildPhase;
			buildActionMask = 2147483647;
			files = (
				521EAA1A1CEAE52300BD8F31 /* XXKitDemoUITests.m in Sources */,
			);
			runOnlyForDeploymentPostprocessing = 0;
		};
/* End PBXSourcesBuildPhase section */

/* Begin PBXTargetDependency section */
		521EAA0C1CEAE52300BD8F31 /* PBXTargetDependency */ = {
			isa = PBXTargetDependency;
			target = 521EA9F01CEAE52300BD8F31 /* XXKitDemo */;
			targetProxy = 521EAA0B1CEAE52300BD8F31 /* PBXContainerItemProxy */;
		};
		521EAA171CEAE52300BD8F31 /* PBXTargetDependency */ = {
			isa = PBXTargetDependency;
			target = 521EA9F01CEAE52300BD8F31 /* XXKitDemo */;
			targetProxy = 521EAA161CEAE52300BD8F31 /* PBXContainerItemProxy */;
		};
/* End PBXTargetDependency section */

/* Begin PBXVariantGroup section */
		521EA9FD1CEAE52300BD8F31 /* Main.storyboard */ = {
			isa = PBXVariantGroup;
			children = (
				521EA9FE1CEAE52300BD8F31 /* Base */,
			);
			name = Main.storyboard;
			sourceTree = "<group>";
		};
		521EAA021CEAE52300BD8F31 /* LaunchScreen.storyboard */ = {
			isa = PBXVariantGroup;
			children = (
				521EAA031CEAE52300BD8F31 /* Base */,
			);
			name = LaunchScreen.storyboard;
			sourceTree = "<group>";
		};
/* End PBXVariantGroup section */

/* Begin XCBuildConfiguration section */
		521EAA1C1CEAE52300BD8F31 /* Debug */ = {
			isa = XCBuildConfiguration;
			buildSettings = {
				ALWAYS_SEARCH_USER_PATHS = NO;
				CLANG_ANALYZER_NONNULL = YES;
				CLANG_CXX_LANGUAGE_STANDARD = "gnu++0x";
				CLANG_CXX_LIBRARY = "libc++";
				CLANG_ENABLE_MODULES = YES;
				CLANG_ENABLE_OBJC_ARC = YES;
				CLANG_WARN_BOOL_CONVERSION = YES;
				CLANG_WARN_CONSTANT_CONVERSION = YES;
				CLANG_WARN_DIRECT_OBJC_ISA_USAGE = YES_ERROR;
				CLANG_WARN_EMPTY_BODY = YES;
				CLANG_WARN_ENUM_CONVERSION = YES;
				CLANG_WARN_INT_CONVERSION = YES;
				CLANG_WARN_OBJC_ROOT_CLASS = YES_ERROR;
				CLANG_WARN_UNREACHABLE_CODE = YES;
				CLANG_WARN__DUPLICATE_METHOD_MATCH = YES;
				"CODE_SIGN_IDENTITY[sdk=iphoneos*]" = "iPhone Developer";
				COPY_PHASE_STRIP = NO;
				DEBUG_INFORMATION_FORMAT = dwarf;
				ENABLE_STRICT_OBJC_MSGSEND = YES;
				ENABLE_TESTABILITY = YES;
				GCC_C_LANGUAGE_STANDARD = gnu99;
				GCC_DYNAMIC_NO_PIC = NO;
				GCC_NO_COMMON_BLOCKS = YES;
				GCC_OPTIMIZATION_LEVEL = 0;
				GCC_PREPROCESSOR_DEFINITIONS = (
					"DEBUG=1",
					"$(inherited)",
				);
				GCC_WARN_64_TO_32_BIT_CONVERSION = YES;
				GCC_WARN_ABOUT_RETURN_TYPE = YES_ERROR;
				GCC_WARN_UNDECLARED_SELECTOR = YES;
				GCC_WARN_UNINITIALIZED_AUTOS = YES_AGGRESSIVE;
				GCC_WARN_UNUSED_FUNCTION = YES;
				GCC_WARN_UNUSED_VARIABLE = YES;
				IPHONEOS_DEPLOYMENT_TARGET = 9.3;
				MTL_ENABLE_DEBUG_INFO = YES;
				ONLY_ACTIVE_ARCH = YES;
				SDKROOT = iphoneos;
				TARGETED_DEVICE_FAMILY = "1,2";
			};
			name = Debug;
		};
		521EAA1D1CEAE52300BD8F31 /* Release */ = {
			isa = XCBuildConfiguration;
			buildSettings = {
				ALWAYS_SEARCH_USER_PATHS = NO;
				CLANG_ANALYZER_NONNULL = YES;
				CLANG_CXX_LANGUAGE_STANDARD = "gnu++0x";
				CLANG_CXX_LIBRARY = "libc++";
				CLANG_ENABLE_MODULES = YES;
				CLANG_ENABLE_OBJC_ARC = YES;
				CLANG_WARN_BOOL_CONVERSION = YES;
				CLANG_WARN_CONSTANT_CONVERSION = YES;
				CLANG_WARN_DIRECT_OBJC_ISA_USAGE = YES_ERROR;
				CLANG_WARN_EMPTY_BODY = YES;
				CLANG_WARN_ENUM_CONVERSION = YES;
				CLANG_WARN_INT_CONVERSION = YES;
				CLANG_WARN_OBJC_ROOT_CLASS = YES_ERROR;
				CLANG_WARN_UNREACHABLE_CODE = YES;
				CLANG_WARN__DUPLICATE_METHOD_MATCH = YES;
				"CODE_SIGN_IDENTITY[sdk=iphoneos*]" = "iPhone Developer";
				COPY_PHASE_STRIP = NO;
				DEBUG_INFORMATION_FORMAT = "dwarf-with-dsym";
				ENABLE_NS_ASSERTIONS = NO;
				ENABLE_STRICT_OBJC_MSGSEND = YES;
				GCC_C_LANGUAGE_STANDARD = gnu99;
				GCC_NO_COMMON_BLOCKS = YES;
				GCC_WARN_64_TO_32_BIT_CONVERSION = YES;
				GCC_WARN_ABOUT_RETURN_TYPE = YES_ERROR;
				GCC_WARN_UNDECLARED_SELECTOR = YES;
				GCC_WARN_UNINITIALIZED_AUTOS = YES_AGGRESSIVE;
				GCC_WARN_UNUSED_FUNCTION = YES;
				GCC_WARN_UNUSED_VARIABLE = YES;
				IPHONEOS_DEPLOYMENT_TARGET = 9.3;
				MTL_ENABLE_DEBUG_INFO = NO;
				SDKROOT = iphoneos;
				TARGETED_DEVICE_FAMILY = "1,2";
				VALIDATE_PRODUCT = YES;
			};
			name = Release;
		};
		521EAA1F1CEAE52300BD8F31 /* Debug */ = {
			isa = XCBuildConfiguration;
			buildSettings = {
				ASSETCATALOG_COMPILER_APPICON_NAME = AppIcon;
				INFOPLIST_FILE = XXKitDemo/Info.plist;
				LD_RUNPATH_SEARCH_PATHS = "$(inherited) @executable_path/Frameworks";
				PRODUCT_BUNDLE_IDENTIFIER = PittWong.XXKitDemo;
				PRODUCT_NAME = "$(TARGET_NAME)";
			};
			name = Debug;
		};
		521EAA201CEAE52300BD8F31 /* Release */ = {
			isa = XCBuildConfiguration;
			buildSettings = {
				ASSETCATALOG_COMPILER_APPICON_NAME = AppIcon;
				INFOPLIST_FILE = XXKitDemo/Info.plist;
				LD_RUNPATH_SEARCH_PATHS = "$(inherited) @executable_path/Frameworks";
				PRODUCT_BUNDLE_IDENTIFIER = PittWong.XXKitDemo;
				PRODUCT_NAME = "$(TARGET_NAME)";
			};
			name = Release;
		};
		521EAA221CEAE52300BD8F31 /* Debug */ = {
			isa = XCBuildConfiguration;
			buildSettings = {
				BUNDLE_LOADER = "$(TEST_HOST)";
				INFOPLIST_FILE = XXKitDemoTests/Info.plist;
				LD_RUNPATH_SEARCH_PATHS = "$(inherited) @executable_path/Frameworks @loader_path/Frameworks";
				PRODUCT_BUNDLE_IDENTIFIER = PittWong.XXKitDemoTests;
				PRODUCT_NAME = "$(TARGET_NAME)";
				TEST_HOST = "$(BUILT_PRODUCTS_DIR)/XXKitDemo.app/XXKitDemo";
			};
			name = Debug;
		};
		521EAA231CEAE52300BD8F31 /* Release */ = {
			isa = XCBuildConfiguration;
			buildSettings = {
				BUNDLE_LOADER = "$(TEST_HOST)";
				INFOPLIST_FILE = XXKitDemoTests/Info.plist;
				LD_RUNPATH_SEARCH_PATHS = "$(inherited) @executable_path/Frameworks @loader_path/Frameworks";
				PRODUCT_BUNDLE_IDENTIFIER = PittWong.XXKitDemoTests;
				PRODUCT_NAME = "$(TARGET_NAME)";
				TEST_HOST = "$(BUILT_PRODUCTS_DIR)/XXKitDemo.app/XXKitDemo";
			};
			name = Release;
		};
		521EAA251CEAE52300BD8F31 /* Debug */ = {
			isa = XCBuildConfiguration;
			buildSettings = {
				INFOPLIST_FILE = XXKitDemoUITests/Info.plist;
				LD_RUNPATH_SEARCH_PATHS = "$(inherited) @executable_path/Frameworks @loader_path/Frameworks";
				PRODUCT_BUNDLE_IDENTIFIER = PittWong.XXKitDemoUITests;
				PRODUCT_NAME = "$(TARGET_NAME)";
				TEST_TARGET_NAME = XXKitDemo;
			};
			name = Debug;
		};
		521EAA261CEAE52300BD8F31 /* Release */ = {
			isa = XCBuildConfiguration;
			buildSettings = {
				INFOPLIST_FILE = XXKitDemoUITests/Info.plist;
				LD_RUNPATH_SEARCH_PATHS = "$(inherited) @executable_path/Frameworks @loader_path/Frameworks";
				PRODUCT_BUNDLE_IDENTIFIER = PittWong.XXKitDemoUITests;
				PRODUCT_NAME = "$(TARGET_NAME)";
				TEST_TARGET_NAME = XXKitDemo;
			};
			name = Release;
		};
/* End XCBuildConfiguration section */

/* Begin XCConfigurationList section */
		521EA9EC1CEAE52300BD8F31 /* Build configuration list for PBXProject "XXKitDemo" */ = {
			isa = XCConfigurationList;
			buildConfigurations = (
				521EAA1C1CEAE52300BD8F31 /* Debug */,
				521EAA1D1CEAE52300BD8F31 /* Release */,
			);
			defaultConfigurationIsVisible = 0;
			defaultConfigurationName = Release;
		};
		521EAA1E1CEAE52300BD8F31 /* Build configuration list for PBXNativeTarget "XXKitDemo" */ = {
			isa = XCConfigurationList;
			buildConfigurations = (
				521EAA1F1CEAE52300BD8F31 /* Debug */,
				521EAA201CEAE52300BD8F31 /* Release */,
			);
			defaultConfigurationIsVisible = 0;
			defaultConfigurationName = Release;
		};
		521EAA211CEAE52300BD8F31 /* Build configuration list for PBXNativeTarget "XXKitDemoTests" */ = {
			isa = XCConfigurationList;
			buildConfigurations = (
				521EAA221CEAE52300BD8F31 /* Debug */,
				521EAA231CEAE52300BD8F31 /* Release */,
			);
			defaultConfigurationIsVisible = 0;
			defaultConfigurationName = Release;
		};
		521EAA241CEAE52300BD8F31 /* Build configuration list for PBXNativeTarget "XXKitDemoUITests" */ = {
			isa = XCConfigurationList;
			buildConfigurations = (
				521EAA251CEAE52300BD8F31 /* Debug */,
				521EAA261CEAE52300BD8F31 /* Release */,
			);
			defaultConfigurationIsVisible = 0;
			defaultConfigurationName = Release;
		};
/* End XCConfigurationList section */
	};
	rootObject = 521EA9E91CEAE52300BD8F31 /* Project object */;
}
