// !$*UTF8*$!
{
	archiveVersion = 1;
	classes = {
	};
	objectVersion = 46;
	objects = {

/* Begin PBXBuildFile section */
		13C104B68BEC6BEE89EDA0E5 /* libPods-Demo.a in Frameworks */ = {isa = PBXBuildFile; fileRef = 85AD5FA73165D457563FE406 /* libPods-Demo.a */; };
		52482F481CEC08340094734A /* NSDate+XXExtension.m in Sources */ = {isa = PBXBuildFile; fileRef = 52482F341CEC08340094734A /* NSDate+XXExtension.m */; };
		52482F491CEC08340094734A /* NSString+XXExtension.m in Sources */ = {isa = PBXBuildFile; fileRef = 52482F361CEC08340094734A /* NSString+XXExtension.m */; };
		52482F4A1CEC08340094734A /* UIBarButtonItem+XXExtension.m in Sources */ = {isa = PBXBuildFile; fileRef = 52482F381CEC08340094734A /* UIBarButtonItem+XXExtension.m */; };
		52482F4B1CEC08340094734A /* UIButton+XXExtension.m in Sources */ = {isa = PBXBuildFile; fileRef = 52482F3A1CEC08340094734A /* UIButton+XXExtension.m */; };
		52482F4C1CEC08340094734A /* UIColor+XXExtension.m in Sources */ = {isa = PBXBuildFile; fileRef = 52482F3C1CEC08340094734A /* UIColor+XXExtension.m */; };
		52482F4D1CEC08340094734A /* UIFont+XXExtension.m in Sources */ = {isa = PBXBuildFile; fileRef = 52482F3E1CEC08340094734A /* UIFont+XXExtension.m */; };
		52482F4E1CEC08340094734A /* UILabel+XXExtension.m in Sources */ = {isa = PBXBuildFile; fileRef = 52482F401CEC08340094734A /* UILabel+XXExtension.m */; };
		52482F4F1CEC08340094734A /* UIView+XXExtension.m in Sources */ = {isa = PBXBuildFile; fileRef = 52482F421CEC08340094734A /* UIView+XXExtension.m */; };
		52482F501CEC08340094734A /* XXLazyCreateView.m in Sources */ = {isa = PBXBuildFile; fileRef = 52482F441CEC08340094734A /* XXLazyCreateView.m */; };
		52482F511CEC08340094734A /* XXLazySetView.m in Sources */ = {isa = PBXBuildFile; fileRef = 52482F471CEC08340094734A /* XXLazySetView.m */; };
		5257F8D41CF5A75100CF3849 /* MASCompositeConstraint.m in Sources */ = {isa = PBXBuildFile; fileRef = 5257F8BC1CF5A75100CF3849 /* MASCompositeConstraint.m */; };
		5257F8D51CF5A75100CF3849 /* MASConstraint.m in Sources */ = {isa = PBXBuildFile; fileRef = 5257F8BF1CF5A75100CF3849 /* MASConstraint.m */; };
		5257F8D61CF5A75100CF3849 /* MASConstraintMaker.m in Sources */ = {isa = PBXBuildFile; fileRef = 5257F8C11CF5A75100CF3849 /* MASConstraintMaker.m */; };
		5257F8D71CF5A75100CF3849 /* MASLayoutConstraint.m in Sources */ = {isa = PBXBuildFile; fileRef = 5257F8C31CF5A75100CF3849 /* MASLayoutConstraint.m */; };
		5257F8D81CF5A75100CF3849 /* MASViewAttribute.m in Sources */ = {isa = PBXBuildFile; fileRef = 5257F8C71CF5A75100CF3849 /* MASViewAttribute.m */; };
		5257F8D91CF5A75100CF3849 /* MASViewConstraint.m in Sources */ = {isa = PBXBuildFile; fileRef = 5257F8C91CF5A75100CF3849 /* MASViewConstraint.m */; };
		5257F8DA1CF5A75100CF3849 /* NSArray+MASAdditions.m in Sources */ = {isa = PBXBuildFile; fileRef = 5257F8CB1CF5A75100CF3849 /* NSArray+MASAdditions.m */; };
		5257F8DB1CF5A75100CF3849 /* NSLayoutConstraint+MASDebugAdditions.m in Sources */ = {isa = PBXBuildFile; fileRef = 5257F8CE1CF5A75100CF3849 /* NSLayoutConstraint+MASDebugAdditions.m */; };
		5257F8DC1CF5A75100CF3849 /* View+MASAdditions.m in Sources */ = {isa = PBXBuildFile; fileRef = 5257F8D01CF5A75100CF3849 /* View+MASAdditions.m */; };
		5257F8DD1CF5A75100CF3849 /* ViewController+MASAdditions.m in Sources */ = {isa = PBXBuildFile; fileRef = 5257F8D31CF5A75100CF3849 /* ViewController+MASAdditions.m */; };
		52CEE58B1CF5B58900C1D02C /* XXButtonReplaceCell.m in Sources */ = {isa = PBXBuildFile; fileRef = 52CEE58A1CF5B58900C1D02C /* XXButtonReplaceCell.m */; };
		52CEE58F1CF5B86E00C1D02C /* XXLazyArrowr.png in Resources */ = {isa = PBXBuildFile; fileRef = 52CEE58C1CF5B86E00C1D02C /* XXLazyArrowr.png */; };
		52CEE5901CF5B86E00C1D02C /* XXLazyArrowr@2x.png in Resources */ = {isa = PBXBuildFile; fileRef = 52CEE58D1CF5B86E00C1D02C /* XXLazyArrowr@2x.png */; };
		52CEE5911CF5B86E00C1D02C /* XXLazyArrowr@3x.png in Resources */ = {isa = PBXBuildFile; fileRef = 52CEE58E1CF5B86E00C1D02C /* XXLazyArrowr@3x.png */; };
		841D20AC1CEB96EA002B6074 /* main.m in Sources */ = {isa = PBXBuildFile; fileRef = 841D20AB1CEB96EA002B6074 /* main.m */; };
		841D20AF1CEB96EA002B6074 /* AppDelegate.m in Sources */ = {isa = PBXBuildFile; fileRef = 841D20AE1CEB96EA002B6074 /* AppDelegate.m */; };
		841D20B21CEB96EA002B6074 /* ViewController.m in Sources */ = {isa = PBXBuildFile; fileRef = 841D20B11CEB96EA002B6074 /* ViewController.m */; };
		841D20B51CEB96EA002B6074 /* Main.storyboard in Resources */ = {isa = PBXBuildFile; fileRef = 841D20B31CEB96EA002B6074 /* Main.storyboard */; };
		841D20B71CEB96EA002B6074 /* Assets.xcassets in Resources */ = {isa = PBXBuildFile; fileRef = 841D20B61CEB96EA002B6074 /* Assets.xcassets */; };
		841D20BA1CEB96EA002B6074 /* LaunchScreen.storyboard in Resources */ = {isa = PBXBuildFile; fileRef = 841D20B81CEB96EA002B6074 /* LaunchScreen.storyboard */; };
		841D20C51CEB96EA002B6074 /* DemoTests.m in Sources */ = {isa = PBXBuildFile; fileRef = 841D20C41CEB96EA002B6074 /* DemoTests.m */; };
		841D20D01CEB96EA002B6074 /* DemoUITests.m in Sources */ = {isa = PBXBuildFile; fileRef = 841D20CF1CEB96EA002B6074 /* DemoUITests.m */; };
/* End PBXBuildFile section */

/* Begin PBXContainerItemProxy section */
		841D20C11CEB96EA002B6074 /* PBXContainerItemProxy */ = {
			isa = PBXContainerItemProxy;
			containerPortal = 841D209F1CEB96E9002B6074 /* Project object */;
			proxyType = 1;
			remoteGlobalIDString = 841D20A61CEB96EA002B6074;
			remoteInfo = Demo;
		};
		841D20CC1CEB96EA002B6074 /* PBXContainerItemProxy */ = {
			isa = PBXContainerItemProxy;
			containerPortal = 841D209F1CEB96E9002B6074 /* Project object */;
			proxyType = 1;
			remoteGlobalIDString = 841D20A61CEB96EA002B6074;
			remoteInfo = Demo;
		};
/* End PBXContainerItemProxy section */

/* Begin PBXFileReference section */
		0C59162074014FC325B2E7BF /* Pods-Demo.release.xcconfig */ = {isa = PBXFileReference; includeInIndex = 1; lastKnownFileType = text.xcconfig; name = "Pods-Demo.release.xcconfig"; path = "Pods/Target Support Files/Pods-Demo/Pods-Demo.release.xcconfig"; sourceTree = "<group>"; };
		52482F331CEC08340094734A /* NSDate+XXExtension.h */ = {isa = PBXFileReference; fileEncoding = 4; lastKnownFileType = sourcecode.c.h; path = "NSDate+XXExtension.h"; sourceTree = "<group>"; };
		52482F341CEC08340094734A /* NSDate+XXExtension.m */ = {isa = PBXFileReference; fileEncoding = 4; lastKnownFileType = sourcecode.c.objc; path = "NSDate+XXExtension.m"; sourceTree = "<group>"; };
		52482F351CEC08340094734A /* NSString+XXExtension.h */ = {isa = PBXFileReference; fileEncoding = 4; lastKnownFileType = sourcecode.c.h; path = "NSString+XXExtension.h"; sourceTree = "<group>"; };
		52482F361CEC08340094734A /* NSString+XXExtension.m */ = {isa = PBXFileReference; fileEncoding = 4; lastKnownFileType = sourcecode.c.objc; path = "NSString+XXExtension.m"; sourceTree = "<group>"; };
		52482F371CEC08340094734A /* UIBarButtonItem+XXExtension.h */ = {isa = PBXFileReference; fileEncoding = 4; lastKnownFileType = sourcecode.c.h; path = "UIBarButtonItem+XXExtension.h"; sourceTree = "<group>"; };
		52482F381CEC08340094734A /* UIBarButtonItem+XXExtension.m */ = {isa = PBXFileReference; fileEncoding = 4; lastKnownFileType = sourcecode.c.objc; path = "UIBarButtonItem+XXExtension.m"; sourceTree = "<group>"; };
		52482F391CEC08340094734A /* UIButton+XXExtension.h */ = {isa = PBXFileReference; fileEncoding = 4; lastKnownFileType = sourcecode.c.h; path = "UIButton+XXExtension.h"; sourceTree = "<group>"; };
		52482F3A1CEC08340094734A /* UIButton+XXExtension.m */ = {isa = PBXFileReference; fileEncoding = 4; lastKnownFileType = sourcecode.c.objc; path = "UIButton+XXExtension.m"; sourceTree = "<group>"; };
		52482F3B1CEC08340094734A /* UIColor+XXExtension.h */ = {isa = PBXFileReference; fileEncoding = 4; lastKnownFileType = sourcecode.c.h; path = "UIColor+XXExtension.h"; sourceTree = "<group>"; };
		52482F3C1CEC08340094734A /* UIColor+XXExtension.m */ = {isa = PBXFileReference; fileEncoding = 4; lastKnownFileType = sourcecode.c.objc; path = "UIColor+XXExtension.m"; sourceTree = "<group>"; };
		52482F3D1CEC08340094734A /* UIFont+XXExtension.h */ = {isa = PBXFileReference; fileEncoding = 4; lastKnownFileType = sourcecode.c.h; path = "UIFont+XXExtension.h"; sourceTree = "<group>"; };
		52482F3E1CEC08340094734A /* UIFont+XXExtension.m */ = {isa = PBXFileReference; fileEncoding = 4; lastKnownFileType = sourcecode.c.objc; path = "UIFont+XXExtension.m"; sourceTree = "<group>"; };
		52482F3F1CEC08340094734A /* UILabel+XXExtension.h */ = {isa = PBXFileReference; fileEncoding = 4; lastKnownFileType = sourcecode.c.h; path = "UILabel+XXExtension.h"; sourceTree = "<group>"; };
		52482F401CEC08340094734A /* UILabel+XXExtension.m */ = {isa = PBXFileReference; fileEncoding = 4; lastKnownFileType = sourcecode.c.objc; path = "UILabel+XXExtension.m"; sourceTree = "<group>"; };
		52482F411CEC08340094734A /* UIView+XXExtension.h */ = {isa = PBXFileReference; fileEncoding = 4; lastKnownFileType = sourcecode.c.h; path = "UIView+XXExtension.h"; sourceTree = "<group>"; };
		52482F421CEC08340094734A /* UIView+XXExtension.m */ = {isa = PBXFileReference; fileEncoding = 4; lastKnownFileType = sourcecode.c.objc; path = "UIView+XXExtension.m"; sourceTree = "<group>"; };
		52482F431CEC08340094734A /* XXLazyCreateView.h */ = {isa = PBXFileReference; fileEncoding = 4; lastKnownFileType = sourcecode.c.h; path = XXLazyCreateView.h; sourceTree = "<group>"; };
		52482F441CEC08340094734A /* XXLazyCreateView.m */ = {isa = PBXFileReference; fileEncoding = 4; lastKnownFileType = sourcecode.c.objc; path = XXLazyCreateView.m; sourceTree = "<group>"; };
		52482F451CEC08340094734A /* XXLazyKitHeader.h */ = {isa = PBXFileReference; fileEncoding = 4; lastKnownFileType = sourcecode.c.h; path = XXLazyKitHeader.h; sourceTree = "<group>"; };
		52482F461CEC08340094734A /* XXLazySetView.h */ = {isa = PBXFileReference; fileEncoding = 4; lastKnownFileType = sourcecode.c.h; path = XXLazySetView.h; sourceTree = "<group>"; };
		52482F471CEC08340094734A /* XXLazySetView.m */ = {isa = PBXFileReference; fileEncoding = 4; lastKnownFileType = sourcecode.c.objc; path = XXLazySetView.m; sourceTree = "<group>"; };
		5257F8BB1CF5A75100CF3849 /* MASCompositeConstraint.h */ = {isa = PBXFileReference; fileEncoding = 4; lastKnownFileType = sourcecode.c.h; path = MASCompositeConstraint.h; sourceTree = "<group>"; };
		5257F8BC1CF5A75100CF3849 /* MASCompositeConstraint.m */ = {isa = PBXFileReference; fileEncoding = 4; lastKnownFileType = sourcecode.c.objc; path = MASCompositeConstraint.m; sourceTree = "<group>"; };
		5257F8BD1CF5A75100CF3849 /* MASConstraint+Private.h */ = {isa = PBXFileReference; fileEncoding = 4; lastKnownFileType = sourcecode.c.h; path = "MASConstraint+Private.h"; sourceTree = "<group>"; };
		5257F8BE1CF5A75100CF3849 /* MASConstraint.h */ = {isa = PBXFileReference; fileEncoding = 4; lastKnownFileType = sourcecode.c.h; path = MASConstraint.h; sourceTree = "<group>"; };
		5257F8BF1CF5A75100CF3849 /* MASConstraint.m */ = {isa = PBXFileReference; fileEncoding = 4; lastKnownFileType = sourcecode.c.objc; path = MASConstraint.m; sourceTree = "<group>"; };
		5257F8C01CF5A75100CF3849 /* MASConstraintMaker.h */ = {isa = PBXFileReference; fileEncoding = 4; lastKnownFileType = sourcecode.c.h; path = MASConstraintMaker.h; sourceTree = "<group>"; };
		5257F8C11CF5A75100CF3849 /* MASConstraintMaker.m */ = {isa = PBXFileReference; fileEncoding = 4; lastKnownFileType = sourcecode.c.objc; path = MASConstraintMaker.m; sourceTree = "<group>"; };
		5257F8C21CF5A75100CF3849 /* MASLayoutConstraint.h */ = {isa = PBXFileReference; fileEncoding = 4; lastKnownFileType = sourcecode.c.h; path = MASLayoutConstraint.h; sourceTree = "<group>"; };
		5257F8C31CF5A75100CF3849 /* MASLayoutConstraint.m */ = {isa = PBXFileReference; fileEncoding = 4; lastKnownFileType = sourcecode.c.objc; path = MASLayoutConstraint.m; sourceTree = "<group>"; };
		5257F8C41CF5A75100CF3849 /* Masonry.h */ = {isa = PBXFileReference; fileEncoding = 4; lastKnownFileType = sourcecode.c.h; path = Masonry.h; sourceTree = "<group>"; };
		5257F8C51CF5A75100CF3849 /* MASUtilities.h */ = {isa = PBXFileReference; fileEncoding = 4; lastKnownFileType = sourcecode.c.h; path = MASUtilities.h; sourceTree = "<group>"; };
		5257F8C61CF5A75100CF3849 /* MASViewAttribute.h */ = {isa = PBXFileReference; fileEncoding = 4; lastKnownFileType = sourcecode.c.h; path = MASViewAttribute.h; sourceTree = "<group>"; };
		5257F8C71CF5A75100CF3849 /* MASViewAttribute.m */ = {isa = PBXFileReference; fileEncoding = 4; lastKnownFileType = sourcecode.c.objc; path = MASViewAttribute.m; sourceTree = "<group>"; };
		5257F8C81CF5A75100CF3849 /* MASViewConstraint.h */ = {isa = PBXFileReference; fileEncoding = 4; lastKnownFileType = sourcecode.c.h; path = MASViewConstraint.h; sourceTree = "<group>"; };
		5257F8C91CF5A75100CF3849 /* MASViewConstraint.m */ = {isa = PBXFileReference; fileEncoding = 4; lastKnownFileType = sourcecode.c.objc; path = MASViewConstraint.m; sourceTree = "<group>"; };
		5257F8CA1CF5A75100CF3849 /* NSArray+MASAdditions.h */ = {isa = PBXFileReference; fileEncoding = 4; lastKnownFileType = sourcecode.c.h; path = "NSArray+MASAdditions.h"; sourceTree = "<group>"; };
		5257F8CB1CF5A75100CF3849 /* NSArray+MASAdditions.m */ = {isa = PBXFileReference; fileEncoding = 4; lastKnownFileType = sourcecode.c.objc; path = "NSArray+MASAdditions.m"; sourceTree = "<group>"; };
		5257F8CC1CF5A75100CF3849 /* NSArray+MASShorthandAdditions.h */ = {isa = PBXFileReference; fileEncoding = 4; lastKnownFileType = sourcecode.c.h; path = "NSArray+MASShorthandAdditions.h"; sourceTree = "<group>"; };
		5257F8CD1CF5A75100CF3849 /* NSLayoutConstraint+MASDebugAdditions.h */ = {isa = PBXFileReference; fileEncoding = 4; lastKnownFileType = sourcecode.c.h; path = "NSLayoutConstraint+MASDebugAdditions.h"; sourceTree = "<group>"; };
		5257F8CE1CF5A75100CF3849 /* NSLayoutConstraint+MASDebugAdditions.m */ = {isa = PBXFileReference; fileEncoding = 4; lastKnownFileType = sourcecode.c.objc; path = "NSLayoutConstraint+MASDebugAdditions.m"; sourceTree = "<group>"; };
		5257F8CF1CF5A75100CF3849 /* View+MASAdditions.h */ = {isa = PBXFileReference; fileEncoding = 4; lastKnownFileType = sourcecode.c.h; path = "View+MASAdditions.h"; sourceTree = "<group>"; };
		5257F8D01CF5A75100CF3849 /* View+MASAdditions.m */ = {isa = PBXFileReference; fileEncoding = 4; lastKnownFileType = sourcecode.c.objc; path = "View+MASAdditions.m"; sourceTree = "<group>"; };
		5257F8D11CF5A75100CF3849 /* View+MASShorthandAdditions.h */ = {isa = PBXFileReference; fileEncoding = 4; lastKnownFileType = sourcecode.c.h; path = "View+MASShorthandAdditions.h"; sourceTree = "<group>"; };
		5257F8D21CF5A75100CF3849 /* ViewController+MASAdditions.h */ = {isa = PBXFileReference; fileEncoding = 4; lastKnownFileType = sourcecode.c.h; path = "ViewController+MASAdditions.h"; sourceTree = "<group>"; };
		5257F8D31CF5A75100CF3849 /* ViewController+MASAdditions.m */ = {isa = PBXFileReference; fileEncoding = 4; lastKnownFileType = sourcecode.c.objc; path = "ViewController+MASAdditions.m"; sourceTree = "<group>"; };
		52CEE5891CF5B58900C1D02C /* XXButtonReplaceCell.h */ = {isa = PBXFileReference; fileEncoding = 4; lastKnownFileType = sourcecode.c.h; path = XXButtonReplaceCell.h; sourceTree = "<group>"; };
		52CEE58A1CF5B58900C1D02C /* XXButtonReplaceCell.m */ = {isa = PBXFileReference; fileEncoding = 4; lastKnownFileType = sourcecode.c.objc; path = XXButtonReplaceCell.m; sourceTree = "<group>"; };
		52CEE58C1CF5B86E00C1D02C /* XXLazyArrowr.png */ = {isa = PBXFileReference; lastKnownFileType = image.png; path = XXLazyArrowr.png; sourceTree = "<group>"; };
		52CEE58D1CF5B86E00C1D02C /* XXLazyArrowr@2x.png */ = {isa = PBXFileReference; lastKnownFileType = image.png; path = "XXLazyArrowr@2x.png"; sourceTree = "<group>"; };
		52CEE58E1CF5B86E00C1D02C /* XXLazyArrowr@3x.png */ = {isa = PBXFileReference; lastKnownFileType = image.png; path = "XXLazyArrowr@3x.png"; sourceTree = "<group>"; };
		841D20A71CEB96EA002B6074 /* Demo.app */ = {isa = PBXFileReference; explicitFileType = wrapper.application; includeInIndex = 0; path = Demo.app; sourceTree = BUILT_PRODUCTS_DIR; };
		841D20AB1CEB96EA002B6074 /* main.m */ = {isa = PBXFileReference; lastKnownFileType = sourcecode.c.objc; path = main.m; sourceTree = "<group>"; };
		841D20AD1CEB96EA002B6074 /* AppDelegate.h */ = {isa = PBXFileReference; lastKnownFileType = sourcecode.c.h; path = AppDelegate.h; sourceTree = "<group>"; };
		841D20AE1CEB96EA002B6074 /* AppDelegate.m */ = {isa = PBXFileReference; lastKnownFileType = sourcecode.c.objc; path = AppDelegate.m; sourceTree = "<group>"; };
		841D20B01CEB96EA002B6074 /* ViewController.h */ = {isa = PBXFileReference; lastKnownFileType = sourcecode.c.h; path = ViewController.h; sourceTree = "<group>"; };
		841D20B11CEB96EA002B6074 /* ViewController.m */ = {isa = PBXFileReference; lastKnownFileType = sourcecode.c.objc; path = ViewController.m; sourceTree = "<group>"; };
		841D20B41CEB96EA002B6074 /* Base */ = {isa = PBXFileReference; lastKnownFileType = file.storyboard; name = Base; path = Base.lproj/Main.storyboard; sourceTree = "<group>"; };
		841D20B61CEB96EA002B6074 /* Assets.xcassets */ = {isa = PBXFileReference; lastKnownFileType = folder.assetcatalog; path = Assets.xcassets; sourceTree = "<group>"; };
		841D20B91CEB96EA002B6074 /* Base */ = {isa = PBXFileReference; lastKnownFileType = file.storyboard; name = Base; path = Base.lproj/LaunchScreen.storyboard; sourceTree = "<group>"; };
		841D20BB1CEB96EA002B6074 /* Info.plist */ = {isa = PBXFileReference; lastKnownFileType = text.plist.xml; path = Info.plist; sourceTree = "<group>"; };
		841D20C01CEB96EA002B6074 /* DemoTests.xctest */ = {isa = PBXFileReference; explicitFileType = wrapper.cfbundle; includeInIndex = 0; path = DemoTests.xctest; sourceTree = BUILT_PRODUCTS_DIR; };
		841D20C41CEB96EA002B6074 /* DemoTests.m */ = {isa = PBXFileReference; lastKnownFileType = sourcecode.c.objc; path = DemoTests.m; sourceTree = "<group>"; };
		841D20C61CEB96EA002B6074 /* Info.plist */ = {isa = PBXFileReference; lastKnownFileType = text.plist.xml; path = Info.plist; sourceTree = "<group>"; };
		841D20CB1CEB96EA002B6074 /* DemoUITests.xctest */ = {isa = PBXFileReference; explicitFileType = wrapper.cfbundle; includeInIndex = 0; path = DemoUITests.xctest; sourceTree = BUILT_PRODUCTS_DIR; };
		841D20CF1CEB96EA002B6074 /* DemoUITests.m */ = {isa = PBXFileReference; lastKnownFileType = sourcecode.c.objc; path = DemoUITests.m; sourceTree = "<group>"; };
		841D20D11CEB96EA002B6074 /* Info.plist */ = {isa = PBXFileReference; lastKnownFileType = text.plist.xml; path = Info.plist; sourceTree = "<group>"; };
		85AD5FA73165D457563FE406 /* libPods-Demo.a */ = {isa = PBXFileReference; explicitFileType = archive.ar; includeInIndex = 0; path = "libPods-Demo.a"; sourceTree = BUILT_PRODUCTS_DIR; };
		BB6B916F7D6637FB6C9B20C1 /* Pods-Demo.debug.xcconfig */ = {isa = PBXFileReference; includeInIndex = 1; lastKnownFileType = text.xcconfig; name = "Pods-Demo.debug.xcconfig"; path = "Pods/Target Support Files/Pods-Demo/Pods-Demo.debug.xcconfig"; sourceTree = "<group>"; };
/* End PBXFileReference section */

/* Begin PBXFrameworksBuildPhase section */
		841D20A41CEB96EA002B6074 /* Frameworks */ = {
			isa = PBXFrameworksBuildPhase;
			buildActionMask = 2147483647;
			files = (
				13C104B68BEC6BEE89EDA0E5 /* libPods-Demo.a in Frameworks */,
			);
			runOnlyForDeploymentPostprocessing = 0;
		};
		841D20BD1CEB96EA002B6074 /* Frameworks */ = {
			isa = PBXFrameworksBuildPhase;
			buildActionMask = 2147483647;
			files = (
			);
			runOnlyForDeploymentPostprocessing = 0;
		};
		841D20C81CEB96EA002B6074 /* Frameworks */ = {
			isa = PBXFrameworksBuildPhase;
			buildActionMask = 2147483647;
			files = (
			);
			runOnlyForDeploymentPostprocessing = 0;
		};
/* End PBXFrameworksBuildPhase section */

/* Begin PBXGroup section */
		52482F321CEC08340094734A /* XXLazyKit */ = {
			isa = PBXGroup;
			children = (
				52482F451CEC08340094734A /* XXLazyKitHeader.h */,
				52CEE5881CF5B4D200C1D02C /* XXView */,
				52482F521CEC08440094734A /* XXLazy */,
				52482F531CEC08530094734A /* Extension */,
			);
			name = XXLazyKit;
			path = ../../XXLazyKit;
			sourceTree = "<group>";
		};
		52482F521CEC08440094734A /* XXLazy */ = {
			isa = PBXGroup;
			children = (
				52482F431CEC08340094734A /* XXLazyCreateView.h */,
				52482F441CEC08340094734A /* XXLazyCreateView.m */,
				52482F461CEC08340094734A /* XXLazySetView.h */,
				52482F471CEC08340094734A /* XXLazySetView.m */,
			);
			name = XXLazy;
			sourceTree = "<group>";
		};
		52482F531CEC08530094734A /* Extension */ = {
			isa = PBXGroup;
			children = (
				52482F331CEC08340094734A /* NSDate+XXExtension.h */,
				52482F341CEC08340094734A /* NSDate+XXExtension.m */,
				52482F351CEC08340094734A /* NSString+XXExtension.h */,
				52482F361CEC08340094734A /* NSString+XXExtension.m */,
				52482F371CEC08340094734A /* UIBarButtonItem+XXExtension.h */,
				52482F381CEC08340094734A /* UIBarButtonItem+XXExtension.m */,
				52482F391CEC08340094734A /* UIButton+XXExtension.h */,
				52482F3A1CEC08340094734A /* UIButton+XXExtension.m */,
				52482F3B1CEC08340094734A /* UIColor+XXExtension.h */,
				52482F3C1CEC08340094734A /* UIColor+XXExtension.m */,
				52482F3D1CEC08340094734A /* UIFont+XXExtension.h */,
				52482F3E1CEC08340094734A /* UIFont+XXExtension.m */,
				52482F3F1CEC08340094734A /* UILabel+XXExtension.h */,
				52482F401CEC08340094734A /* UILabel+XXExtension.m */,
				52482F411CEC08340094734A /* UIView+XXExtension.h */,
				52482F421CEC08340094734A /* UIView+XXExtension.m */,
			);
			name = Extension;
			sourceTree = "<group>";
		};
		5257F8BA1CF5A75100CF3849 /* Masonry */ = {
			isa = PBXGroup;
			children = (
				5257F8BB1CF5A75100CF3849 /* MASCompositeConstraint.h */,
				5257F8BC1CF5A75100CF3849 /* MASCompositeConstraint.m */,
				5257F8BD1CF5A75100CF3849 /* MASConstraint+Private.h */,
				5257F8BE1CF5A75100CF3849 /* MASConstraint.h */,
				5257F8BF1CF5A75100CF3849 /* MASConstraint.m */,
				5257F8C01CF5A75100CF3849 /* MASConstraintMaker.h */,
				5257F8C11CF5A75100CF3849 /* MASConstraintMaker.m */,
				5257F8C21CF5A75100CF3849 /* MASLayoutConstraint.h */,
				5257F8C31CF5A75100CF3849 /* MASLayoutConstraint.m */,
				5257F8C41CF5A75100CF3849 /* Masonry.h */,
				5257F8C51CF5A75100CF3849 /* MASUtilities.h */,
				5257F8C61CF5A75100CF3849 /* MASViewAttribute.h */,
				5257F8C71CF5A75100CF3849 /* MASViewAttribute.m */,
				5257F8C81CF5A75100CF3849 /* MASViewConstraint.h */,
				5257F8C91CF5A75100CF3849 /* MASViewConstraint.m */,
				5257F8CA1CF5A75100CF3849 /* NSArray+MASAdditions.h */,
				5257F8CB1CF5A75100CF3849 /* NSArray+MASAdditions.m */,
				5257F8CC1CF5A75100CF3849 /* NSArray+MASShorthandAdditions.h */,
				5257F8CD1CF5A75100CF3849 /* NSLayoutConstraint+MASDebugAdditions.h */,
				5257F8CE1CF5A75100CF3849 /* NSLayoutConstraint+MASDebugAdditions.m */,
				5257F8CF1CF5A75100CF3849 /* View+MASAdditions.h */,
				5257F8D01CF5A75100CF3849 /* View+MASAdditions.m */,
				5257F8D11CF5A75100CF3849 /* View+MASShorthandAdditions.h */,
				5257F8D21CF5A75100CF3849 /* ViewController+MASAdditions.h */,
				5257F8D31CF5A75100CF3849 /* ViewController+MASAdditions.m */,
			);
			path = Masonry;
			sourceTree = "<group>";
		};
		52CEE5881CF5B4D200C1D02C /* XXView */ = {
			isa = PBXGroup;
			children = (
				52CEE5891CF5B58900C1D02C /* XXButtonReplaceCell.h */,
				52CEE58A1CF5B58900C1D02C /* XXButtonReplaceCell.m */,
				52CEE58C1CF5B86E00C1D02C /* XXLazyArrowr.png */,
				52CEE58D1CF5B86E00C1D02C /* XXLazyArrowr@2x.png */,
				52CEE58E1CF5B86E00C1D02C /* XXLazyArrowr@3x.png */,
			);
			name = XXView;
			sourceTree = "<group>";
		};
		5FB84F42F008AEFC8B766E43 /* Pods */ = {
			isa = PBXGroup;
			children = (
				BB6B916F7D6637FB6C9B20C1 /* Pods-Demo.debug.xcconfig */,
				0C59162074014FC325B2E7BF /* Pods-Demo.release.xcconfig */,
			);
			name = Pods;
			sourceTree = "<group>";
		};
		841D209E1CEB96E9002B6074 = {
			isa = PBXGroup;
			children = (
				841D20A91CEB96EA002B6074 /* Demo */,
				841D20C31CEB96EA002B6074 /* DemoTests */,
				841D20CE1CEB96EA002B6074 /* DemoUITests */,
				841D20A81CEB96EA002B6074 /* Products */,
				5FB84F42F008AEFC8B766E43 /* Pods */,
				910F9768816C7840EE046728 /* Frameworks */,
			);
			sourceTree = "<group>";
		};
		841D20A81CEB96EA002B6074 /* Products */ = {
			isa = PBXGroup;
			children = (
				841D20A71CEB96EA002B6074 /* Demo.app */,
				841D20C01CEB96EA002B6074 /* DemoTests.xctest */,
				841D20CB1CEB96EA002B6074 /* DemoUITests.xctest */,
			);
			name = Products;
			sourceTree = "<group>";
		};
		841D20A91CEB96EA002B6074 /* Demo */ = {
			isa = PBXGroup;
			children = (
				5257F8BA1CF5A75100CF3849 /* Masonry */,
				52482F321CEC08340094734A /* XXLazyKit */,
				841D20AD1CEB96EA002B6074 /* AppDelegate.h */,
				841D20AE1CEB96EA002B6074 /* AppDelegate.m */,
				841D20B01CEB96EA002B6074 /* ViewController.h */,
				841D20B11CEB96EA002B6074 /* ViewController.m */,
				841D20B31CEB96EA002B6074 /* Main.storyboard */,
				841D20B61CEB96EA002B6074 /* Assets.xcassets */,
				841D20B81CEB96EA002B6074 /* LaunchScreen.storyboard */,
				841D20BB1CEB96EA002B6074 /* Info.plist */,
				841D20AA1CEB96EA002B6074 /* Supporting Files */,
			);
			path = Demo;
			sourceTree = "<group>";
		};
		841D20AA1CEB96EA002B6074 /* Supporting Files */ = {
			isa = PBXGroup;
			children = (
				841D20AB1CEB96EA002B6074 /* main.m */,
			);
			name = "Supporting Files";
			sourceTree = "<group>";
		};
		841D20C31CEB96EA002B6074 /* DemoTests */ = {
			isa = PBXGroup;
			children = (
				841D20C41CEB96EA002B6074 /* DemoTests.m */,
				841D20C61CEB96EA002B6074 /* Info.plist */,
			);
			path = DemoTests;
			sourceTree = "<group>";
		};
		841D20CE1CEB96EA002B6074 /* DemoUITests */ = {
			isa = PBXGroup;
			children = (
				841D20CF1CEB96EA002B6074 /* DemoUITests.m */,
				841D20D11CEB96EA002B6074 /* Info.plist */,
			);
			path = DemoUITests;
			sourceTree = "<group>";
		};
		910F9768816C7840EE046728 /* Frameworks */ = {
			isa = PBXGroup;
			children = (
				85AD5FA73165D457563FE406 /* libPods-Demo.a */,
			);
			name = Frameworks;
			sourceTree = "<group>";
		};
/* End PBXGroup section */

/* Begin PBXNativeTarget section */
		841D20A61CEB96EA002B6074 /* Demo */ = {
			isa = PBXNativeTarget;
			buildConfigurationList = 841D20D41CEB96EA002B6074 /* Build configuration list for PBXNativeTarget "Demo" */;
			buildPhases = (
				E6CEA0DA8747C1D1D65BC338 /* 📦 Check Pods Manifest.lock */,
				841D20A31CEB96EA002B6074 /* Sources */,
				841D20A41CEB96EA002B6074 /* Frameworks */,
				841D20A51CEB96EA002B6074 /* Resources */,
				BC249A8D3812C173E211CC46 /* 📦 Embed Pods Frameworks */,
				BBF0BB1B7BE8CB542D14F645 /* 📦 Copy Pods Resources */,
			);
			buildRules = (
			);
			dependencies = (
			);
			name = Demo;
			productName = Demo;
			productReference = 841D20A71CEB96EA002B6074 /* Demo.app */;
			productType = "com.apple.product-type.application";
		};
		841D20BF1CEB96EA002B6074 /* DemoTests */ = {
			isa = PBXNativeTarget;
			buildConfigurationList = 841D20D71CEB96EA002B6074 /* Build configuration list for PBXNativeTarget "DemoTests" */;
			buildPhases = (
				841D20BC1CEB96EA002B6074 /* Sources */,
				841D20BD1CEB96EA002B6074 /* Frameworks */,
				841D20BE1CEB96EA002B6074 /* Resources */,
			);
			buildRules = (
			);
			dependencies = (
				841D20C21CEB96EA002B6074 /* PBXTargetDependency */,
			);
			name = DemoTests;
			productName = DemoTests;
			productReference = 841D20C01CEB96EA002B6074 /* DemoTests.xctest */;
			productType = "com.apple.product-type.bundle.unit-test";
		};
		841D20CA1CEB96EA002B6074 /* DemoUITests */ = {
			isa = PBXNativeTarget;
			buildConfigurationList = 841D20DA1CEB96EA002B6074 /* Build configuration list for PBXNativeTarget "DemoUITests" */;
			buildPhases = (
				841D20C71CEB96EA002B6074 /* Sources */,
				841D20C81CEB96EA002B6074 /* Frameworks */,
				841D20C91CEB96EA002B6074 /* Resources */,
			);
			buildRules = (
			);
			dependencies = (
				841D20CD1CEB96EA002B6074 /* PBXTargetDependency */,
			);
			name = DemoUITests;
			productName = DemoUITests;
			productReference = 841D20CB1CEB96EA002B6074 /* DemoUITests.xctest */;
			productType = "com.apple.product-type.bundle.ui-testing";
		};
/* End PBXNativeTarget section */

/* Begin PBXProject section */
		841D209F1CEB96E9002B6074 /* Project object */ = {
			isa = PBXProject;
			attributes = {
				LastUpgradeCheck = 0720;
				ORGANIZATIONNAME = Pitt;
				TargetAttributes = {
					841D20A61CEB96EA002B6074 = {
						CreatedOnToolsVersion = 7.2;
					};
					841D20BF1CEB96EA002B6074 = {
						CreatedOnToolsVersion = 7.2;
						TestTargetID = 841D20A61CEB96EA002B6074;
					};
					841D20CA1CEB96EA002B6074 = {
						CreatedOnToolsVersion = 7.2;
						TestTargetID = 841D20A61CEB96EA002B6074;
					};
				};
			};
			buildConfigurationList = 841D20A21CEB96E9002B6074 /* Build configuration list for PBXProject "Demo" */;
			compatibilityVersion = "Xcode 3.2";
			developmentRegion = English;
			hasScannedForEncodings = 0;
			knownRegions = (
				en,
				Base,
			);
			mainGroup = 841D209E1CEB96E9002B6074;
			productRefGroup = 841D20A81CEB96EA002B6074 /* Products */;
			projectDirPath = "";
			projectRoot = "";
			targets = (
				841D20A61CEB96EA002B6074 /* Demo */,
				841D20BF1CEB96EA002B6074 /* DemoTests */,
				841D20CA1CEB96EA002B6074 /* DemoUITests */,
			);
		};
/* End PBXProject section */

/* Begin PBXResourcesBuildPhase section */
		841D20A51CEB96EA002B6074 /* Resources */ = {
			isa = PBXResourcesBuildPhase;
			buildActionMask = 2147483647;
			files = (
				52CEE5911CF5B86E00C1D02C /* XXLazyArrowr@3x.png in Resources */,
				841D20BA1CEB96EA002B6074 /* LaunchScreen.storyboard in Resources */,
				841D20B71CEB96EA002B6074 /* Assets.xcassets in Resources */,
				52CEE58F1CF5B86E00C1D02C /* XXLazyArrowr.png in Resources */,
				841D20B51CEB96EA002B6074 /* Main.storyboard in Resources */,
				52CEE5901CF5B86E00C1D02C /* XXLazyArrowr@2x.png in Resources */,
			);
			runOnlyForDeploymentPostprocessing = 0;
		};
		841D20BE1CEB96EA002B6074 /* Resources */ = {
			isa = PBXResourcesBuildPhase;
			buildActionMask = 2147483647;
			files = (
			);
			runOnlyForDeploymentPostprocessing = 0;
		};
		841D20C91CEB96EA002B6074 /* Resources */ = {
			isa = PBXResourcesBuildPhase;
			buildActionMask = 2147483647;
			files = (
			);
			runOnlyForDeploymentPostprocessing = 0;
		};
/* End PBXResourcesBuildPhase section */

/* Begin PBXShellScriptBuildPhase section */
		BBF0BB1B7BE8CB542D14F645 /* 📦 Copy Pods Resources */ = {
			isa = PBXShellScriptBuildPhase;
			buildActionMask = 2147483647;
			files = (
			);
			inputPaths = (
			);
			name = "📦 Copy Pods Resources";
			outputPaths = (
			);
			runOnlyForDeploymentPostprocessing = 0;
			shellPath = /bin/sh;
			shellScript = "\"${SRCROOT}/Pods/Target Support Files/Pods-Demo/Pods-Demo-resources.sh\"\n";
			showEnvVarsInLog = 0;
		};
		BC249A8D3812C173E211CC46 /* 📦 Embed Pods Frameworks */ = {
			isa = PBXShellScriptBuildPhase;
			buildActionMask = 2147483647;
			files = (
			);
			inputPaths = (
			);
			name = "📦 Embed Pods Frameworks";
			outputPaths = (
			);
			runOnlyForDeploymentPostprocessing = 0;
			shellPath = /bin/sh;
			shellScript = "\"${SRCROOT}/Pods/Target Support Files/Pods-Demo/Pods-Demo-frameworks.sh\"\n";
			showEnvVarsInLog = 0;
		};
		E6CEA0DA8747C1D1D65BC338 /* 📦 Check Pods Manifest.lock */ = {
			isa = PBXShellScriptBuildPhase;
			buildActionMask = 2147483647;
			files = (
			);
			inputPaths = (
			);
			name = "📦 Check Pods Manifest.lock";
			outputPaths = (
			);
			runOnlyForDeploymentPostprocessing = 0;
			shellPath = /bin/sh;
			shellScript = "diff \"${PODS_ROOT}/../Podfile.lock\" \"${PODS_ROOT}/Manifest.lock\" > /dev/null\nif [[ $? != 0 ]] ; then\n    cat << EOM\nerror: The sandbox is not in sync with the Podfile.lock. Run 'pod install' or update your CocoaPods installation.\nEOM\n    exit 1\nfi\n";
			showEnvVarsInLog = 0;
		};
/* End PBXShellScriptBuildPhase section */

/* Begin PBXSourcesBuildPhase section */
		841D20A31CEB96EA002B6074 /* Sources */ = {
			isa = PBXSourcesBuildPhase;
			buildActionMask = 2147483647;
			files = (
				5257F8D51CF5A75100CF3849 /* MASConstraint.m in Sources */,
				5257F8DD1CF5A75100CF3849 /* ViewController+MASAdditions.m in Sources */,
				52482F501CEC08340094734A /* XXLazyCreateView.m in Sources */,
				52482F4F1CEC08340094734A /* UIView+XXExtension.m in Sources */,
				52482F491CEC08340094734A /* NSString+XXExtension.m in Sources */,
				5257F8D41CF5A75100CF3849 /* MASCompositeConstraint.m in Sources */,
				52482F4B1CEC08340094734A /* UIButton+XXExtension.m in Sources */,
				5257F8D61CF5A75100CF3849 /* MASConstraintMaker.m in Sources */,
				5257F8DC1CF5A75100CF3849 /* View+MASAdditions.m in Sources */,
				841D20B21CEB96EA002B6074 /* ViewController.m in Sources */,
				5257F8D81CF5A75100CF3849 /* MASViewAttribute.m in Sources */,
				52482F4A1CEC08340094734A /* UIBarButtonItem+XXExtension.m in Sources */,
				5257F8DB1CF5A75100CF3849 /* NSLayoutConstraint+MASDebugAdditions.m in Sources */,
				841D20AF1CEB96EA002B6074 /* AppDelegate.m in Sources */,
				52482F4D1CEC08340094734A /* UIFont+XXExtension.m in Sources */,
				52482F511CEC08340094734A /* XXLazySetView.m in Sources */,
				52CEE58B1CF5B58900C1D02C /* XXButtonReplaceCell.m in Sources */,
				5257F8DA1CF5A75100CF3849 /* NSArray+MASAdditions.m in Sources */,
				52482F4E1CEC08340094734A /* UILabel+XXExtension.m in Sources */,
				5257F8D91CF5A75100CF3849 /* MASViewConstraint.m in Sources */,
				52482F4C1CEC08340094734A /* UIColor+XXExtension.m in Sources */,
				52482F481CEC08340094734A /* NSDate+XXExtension.m in Sources */,
				5257F8D71CF5A75100CF3849 /* MASLayoutConstraint.m in Sources */,
				841D20AC1CEB96EA002B6074 /* main.m in Sources */,
			);
			runOnlyForDeploymentPostprocessing = 0;
		};
		841D20BC1CEB96EA002B6074 /* Sources */ = {
			isa = PBXSourcesBuildPhase;
			buildActionMask = 2147483647;
			files = (
				841D20C51CEB96EA002B6074 /* DemoTests.m in Sources */,
			);
			runOnlyForDeploymentPostprocessing = 0;
		};
		841D20C71CEB96EA002B6074 /* Sources */ = {
			isa = PBXSourcesBuildPhase;
			buildActionMask = 2147483647;
			files = (
				841D20D01CEB96EA002B6074 /* DemoUITests.m in Sources */,
			);
			runOnlyForDeploymentPostprocessing = 0;
		};
/* End PBXSourcesBuildPhase section */

/* Begin PBXTargetDependency section */
		841D20C21CEB96EA002B6074 /* PBXTargetDependency */ = {
			isa = PBXTargetDependency;
			target = 841D20A61CEB96EA002B6074 /* Demo */;
			targetProxy = 841D20C11CEB96EA002B6074 /* PBXContainerItemProxy */;
		};
		841D20CD1CEB96EA002B6074 /* PBXTargetDependency */ = {
			isa = PBXTargetDependency;
			target = 841D20A61CEB96EA002B6074 /* Demo */;
			targetProxy = 841D20CC1CEB96EA002B6074 /* PBXContainerItemProxy */;
		};
/* End PBXTargetDependency section */

/* Begin PBXVariantGroup section */
		841D20B31CEB96EA002B6074 /* Main.storyboard */ = {
			isa = PBXVariantGroup;
			children = (
				841D20B41CEB96EA002B6074 /* Base */,
			);
			name = Main.storyboard;
			sourceTree = "<group>";
		};
		841D20B81CEB96EA002B6074 /* LaunchScreen.storyboard */ = {
			isa = PBXVariantGroup;
			children = (
				841D20B91CEB96EA002B6074 /* Base */,
			);
			name = LaunchScreen.storyboard;
			sourceTree = "<group>";
		};
/* End PBXVariantGroup section */

/* Begin XCBuildConfiguration section */
		841D20D21CEB96EA002B6074 /* Debug */ = {
			isa = XCBuildConfiguration;
			buildSettings = {
				ALWAYS_SEARCH_USER_PATHS = NO;
				CLANG_CXX_LANGUAGE_STANDARD = "gnu++0x";
				CLANG_CXX_LIBRARY = "libc++";
				CLANG_ENABLE_MODULES = YES;
				CLANG_ENABLE_OBJC_ARC = YES;
				CLANG_WARN_BOOL_CONVERSION = YES;
				CLANG_WARN_CONSTANT_CONVERSION = YES;
				CLANG_WARN_DIRECT_OBJC_ISA_USAGE = YES_ERROR;
				CLANG_WARN_EMPTY_BODY = YES;
				CLANG_WARN_ENUM_CONVERSION = YES;
				CLANG_WARN_INT_CONVERSION = YES;
				CLANG_WARN_OBJC_ROOT_CLASS = YES_ERROR;
				CLANG_WARN_UNREACHABLE_CODE = YES;
				CLANG_WARN__DUPLICATE_METHOD_MATCH = YES;
				"CODE_SIGN_IDENTITY[sdk=iphoneos*]" = "iPhone Developer";
				COPY_PHASE_STRIP = NO;
				DEBUG_INFORMATION_FORMAT = dwarf;
				ENABLE_STRICT_OBJC_MSGSEND = YES;
				ENABLE_TESTABILITY = YES;
				GCC_C_LANGUAGE_STANDARD = gnu99;
				GCC_DYNAMIC_NO_PIC = NO;
				GCC_NO_COMMON_BLOCKS = YES;
				GCC_OPTIMIZATION_LEVEL = 0;
				GCC_PREPROCESSOR_DEFINITIONS = (
					"DEBUG=1",
					"$(inherited)",
				);
				GCC_WARN_64_TO_32_BIT_CONVERSION = YES;
				GCC_WARN_ABOUT_RETURN_TYPE = YES_ERROR;
				GCC_WARN_UNDECLARED_SELECTOR = YES;
				GCC_WARN_UNINITIALIZED_AUTOS = YES_AGGRESSIVE;
				GCC_WARN_UNUSED_FUNCTION = YES;
				GCC_WARN_UNUSED_VARIABLE = YES;
				IPHONEOS_DEPLOYMENT_TARGET = 9.2;
				MTL_ENABLE_DEBUG_INFO = YES;
				ONLY_ACTIVE_ARCH = YES;
				SDKROOT = iphoneos;
				TARGETED_DEVICE_FAMILY = "1,2";
			};
			name = Debug;
		};
		841D20D31CEB96EA002B6074 /* Release */ = {
			isa = XCBuildConfiguration;
			buildSettings = {
				ALWAYS_SEARCH_USER_PATHS = NO;
				CLANG_CXX_LANGUAGE_STANDARD = "gnu++0x";
				CLANG_CXX_LIBRARY = "libc++";
				CLANG_ENABLE_MODULES = YES;
				CLANG_ENABLE_OBJC_ARC = YES;
				CLANG_WARN_BOOL_CONVERSION = YES;
				CLANG_WARN_CONSTANT_CONVERSION = YES;
				CLANG_WARN_DIRECT_OBJC_ISA_USAGE = YES_ERROR;
				CLANG_WARN_EMPTY_BODY = YES;
				CLANG_WARN_ENUM_CONVERSION = YES;
				CLANG_WARN_INT_CONVERSION = YES;
				CLANG_WARN_OBJC_ROOT_CLASS = YES_ERROR;
				CLANG_WARN_UNREACHABLE_CODE = YES;
				CLANG_WARN__DUPLICATE_METHOD_MATCH = YES;
				"CODE_SIGN_IDENTITY[sdk=iphoneos*]" = "iPhone Developer";
				COPY_PHASE_STRIP = NO;
				DEBUG_INFORMATION_FORMAT = "dwarf-with-dsym";
				ENABLE_NS_ASSERTIONS = NO;
				ENABLE_STRICT_OBJC_MSGSEND = YES;
				GCC_C_LANGUAGE_STANDARD = gnu99;
				GCC_NO_COMMON_BLOCKS = YES;
				GCC_WARN_64_TO_32_BIT_CONVERSION = YES;
				GCC_WARN_ABOUT_RETURN_TYPE = YES_ERROR;
				GCC_WARN_UNDECLARED_SELECTOR = YES;
				GCC_WARN_UNINITIALIZED_AUTOS = YES_AGGRESSIVE;
				GCC_WARN_UNUSED_FUNCTION = YES;
				GCC_WARN_UNUSED_VARIABLE = YES;
				IPHONEOS_DEPLOYMENT_TARGET = 9.2;
				MTL_ENABLE_DEBUG_INFO = NO;
				SDKROOT = iphoneos;
				TARGETED_DEVICE_FAMILY = "1,2";
				VALIDATE_PRODUCT = YES;
			};
			name = Release;
		};
		841D20D51CEB96EA002B6074 /* Debug */ = {
			isa = XCBuildConfiguration;
			baseConfigurationReference = BB6B916F7D6637FB6C9B20C1 /* Pods-Demo.debug.xcconfig */;
			buildSettings = {
				ASSETCATALOG_COMPILER_APPICON_NAME = AppIcon;
				INFOPLIST_FILE = Demo/Info.plist;
				LD_RUNPATH_SEARCH_PATHS = "$(inherited) @executable_path/Frameworks";
				PRODUCT_BUNDLE_IDENTIFIER = PittWong.Demo;
				PRODUCT_NAME = "$(TARGET_NAME)";
			};
			name = Debug;
		};
		841D20D61CEB96EA002B6074 /* Release */ = {
			isa = XCBuildConfiguration;
			baseConfigurationReference = 0C59162074014FC325B2E7BF /* Pods-Demo.release.xcconfig */;
			buildSettings = {
				ASSETCATALOG_COMPILER_APPICON_NAME = AppIcon;
				INFOPLIST_FILE = Demo/Info.plist;
				LD_RUNPATH_SEARCH_PATHS = "$(inherited) @executable_path/Frameworks";
				PRODUCT_BUNDLE_IDENTIFIER = PittWong.Demo;
				PRODUCT_NAME = "$(TARGET_NAME)";
			};
			name = Release;
		};
		841D20D81CEB96EA002B6074 /* Debug */ = {
			isa = XCBuildConfiguration;
			buildSettings = {
				BUNDLE_LOADER = "$(TEST_HOST)";
				INFOPLIST_FILE = DemoTests/Info.plist;
				LD_RUNPATH_SEARCH_PATHS = "$(inherited) @executable_path/Frameworks @loader_path/Frameworks";
				PRODUCT_BUNDLE_IDENTIFIER = PittWong.DemoTests;
				PRODUCT_NAME = "$(TARGET_NAME)";
				TEST_HOST = "$(BUILT_PRODUCTS_DIR)/Demo.app/Demo";
			};
			name = Debug;
		};
		841D20D91CEB96EA002B6074 /* Release */ = {
			isa = XCBuildConfiguration;
			buildSettings = {
				BUNDLE_LOADER = "$(TEST_HOST)";
				INFOPLIST_FILE = DemoTests/Info.plist;
				LD_RUNPATH_SEARCH_PATHS = "$(inherited) @executable_path/Frameworks @loader_path/Frameworks";
				PRODUCT_BUNDLE_IDENTIFIER = PittWong.DemoTests;
				PRODUCT_NAME = "$(TARGET_NAME)";
				TEST_HOST = "$(BUILT_PRODUCTS_DIR)/Demo.app/Demo";
			};
			name = Release;
		};
		841D20DB1CEB96EA002B6074 /* Debug */ = {
			isa = XCBuildConfiguration;
			buildSettings = {
				INFOPLIST_FILE = DemoUITests/Info.plist;
				LD_RUNPATH_SEARCH_PATHS = "$(inherited) @executable_path/Frameworks @loader_path/Frameworks";
				PRODUCT_BUNDLE_IDENTIFIER = PittWong.DemoUITests;
				PRODUCT_NAME = "$(TARGET_NAME)";
				TEST_TARGET_NAME = Demo;
				USES_XCTRUNNER = YES;
			};
			name = Debug;
		};
		841D20DC1CEB96EA002B6074 /* Release */ = {
			isa = XCBuildConfiguration;
			buildSettings = {
				INFOPLIST_FILE = DemoUITests/Info.plist;
				LD_RUNPATH_SEARCH_PATHS = "$(inherited) @executable_path/Frameworks @loader_path/Frameworks";
				PRODUCT_BUNDLE_IDENTIFIER = PittWong.DemoUITests;
				PRODUCT_NAME = "$(TARGET_NAME)";
				TEST_TARGET_NAME = Demo;
				USES_XCTRUNNER = YES;
			};
			name = Release;
		};
/* End XCBuildConfiguration section */

/* Begin XCConfigurationList section */
		841D20A21CEB96E9002B6074 /* Build configuration list for PBXProject "Demo" */ = {
			isa = XCConfigurationList;
			buildConfigurations = (
				841D20D21CEB96EA002B6074 /* Debug */,
				841D20D31CEB96EA002B6074 /* Release */,
			);
			defaultConfigurationIsVisible = 0;
			defaultConfigurationName = Release;
		};
		841D20D41CEB96EA002B6074 /* Build configuration list for PBXNativeTarget "Demo" */ = {
			isa = XCConfigurationList;
			buildConfigurations = (
				841D20D51CEB96EA002B6074 /* Debug */,
				841D20D61CEB96EA002B6074 /* Release */,
			);
			defaultConfigurationIsVisible = 0;
			defaultConfigurationName = Release;
		};
		841D20D71CEB96EA002B6074 /* Build configuration list for PBXNativeTarget "DemoTests" */ = {
			isa = XCConfigurationList;
			buildConfigurations = (
				841D20D81CEB96EA002B6074 /* Debug */,
				841D20D91CEB96EA002B6074 /* Release */,
			);
			defaultConfigurationIsVisible = 0;
			defaultConfigurationName = Release;
		};
		841D20DA1CEB96EA002B6074 /* Build configuration list for PBXNativeTarget "DemoUITests" */ = {
			isa = XCConfigurationList;
			buildConfigurations = (
				841D20DB1CEB96EA002B6074 /* Debug */,
				841D20DC1CEB96EA002B6074 /* Release */,
			);
			defaultConfigurationIsVisible = 0;
			defaultConfigurationName = Release;
		};
/* End XCConfigurationList section */
	};
	rootObject = 841D209F1CEB96E9002B6074 /* Project object */;
}
